// !$*UTF8*$!
{
	archiveVersion = 1;
	classes = {
	};
	objectVersion = 50;
	objects = {

/* Begin PBXBuildFile section */
		8478886520BF86C7004B3343 /* AppDelegate.swift in Sources */ = {isa = PBXBuildFile; fileRef = 8478886420BF86C7004B3343 /* AppDelegate.swift */; };
		8478886720BF86C7004B3343 /* ViewController.swift in Sources */ = {isa = PBXBuildFile; fileRef = 8478886620BF86C7004B3343 /* ViewController.swift */; };
		8478886A20BF86C7004B3343 /* Main.storyboard in Resources */ = {isa = PBXBuildFile; fileRef = 8478886820BF86C7004B3343 /* Main.storyboard */; };
		8478886C20BF86C8004B3343 /* Assets.xcassets in Resources */ = {isa = PBXBuildFile; fileRef = 8478886B20BF86C8004B3343 /* Assets.xcassets */; };
		8478886F20BF86C8004B3343 /* LaunchScreen.storyboard in Resources */ = {isa = PBXBuildFile; fileRef = 8478886D20BF86C8004B3343 /* LaunchScreen.storyboard */; };
		8478887A20BF86C9004B3343 /* IceCacheSampleTests.swift in Sources */ = {isa = PBXBuildFile; fileRef = 8478887920BF86C9004B3343 /* IceCacheSampleTests.swift */; };
		8478888B20BF86F1004B3343 /* IceCache.h in Headers */ = {isa = PBXBuildFile; fileRef = 8478888920BF86F1004B3343 /* IceCache.h */; settings = {ATTRIBUTES = (Public, ); }; };
		8478888E20BF86F1004B3343 /* IceCache.framework in Frameworks */ = {isa = PBXBuildFile; fileRef = 8478888720BF86F1004B3343 /* IceCache.framework */; };
		8478888F20BF86F1004B3343 /* IceCache.framework in Embed Frameworks */ = {isa = PBXBuildFile; fileRef = 8478888720BF86F1004B3343 /* IceCache.framework */; settings = {ATTRIBUTES = (CodeSignOnCopy, RemoveHeadersOnCopy, ); }; };
/* End PBXBuildFile section */

/* Begin PBXContainerItemProxy section */
		8478887620BF86C9004B3343 /* PBXContainerItemProxy */ = {
			isa = PBXContainerItemProxy;
			containerPortal = 8478884A20BF869A004B3343 /* Project object */;
			proxyType = 1;
			remoteGlobalIDString = 8478886120BF86C7004B3343;
			remoteInfo = IceCacheSample;
		};
		8478888C20BF86F1004B3343 /* PBXContainerItemProxy */ = {
			isa = PBXContainerItemProxy;
			containerPortal = 8478884A20BF869A004B3343 /* Project object */;
			proxyType = 1;
			remoteGlobalIDString = 8478888620BF86F1004B3343;
			remoteInfo = IceCache;
		};
/* End PBXContainerItemProxy section */

/* Begin PBXCopyFilesBuildPhase section */
		8478889320BF86F1004B3343 /* Embed Frameworks */ = {
			isa = PBXCopyFilesBuildPhase;
			buildActionMask = 2147483647;
			dstPath = "";
			dstSubfolderSpec = 10;
			files = (
				8478888F20BF86F1004B3343 /* IceCache.framework in Embed Frameworks */,
			);
			name = "Embed Frameworks";
			runOnlyForDeploymentPostprocessing = 0;
		};
/* End PBXCopyFilesBuildPhase section */

/* Begin PBXFileReference section */
		8478885320BF869A004B3343 /* Ice.framework */ = {isa = PBXFileReference; explicitFileType = wrapper.framework; includeInIndex = 0; path = Ice.framework; sourceTree = BUILT_PRODUCTS_DIR; };
		8478886220BF86C7004B3343 /* IceCacheSample.app */ = {isa = PBXFileReference; explicitFileType = wrapper.application; includeInIndex = 0; path = IceCacheSample.app; sourceTree = BUILT_PRODUCTS_DIR; };
		8478886420BF86C7004B3343 /* AppDelegate.swift */ = {isa = PBXFileReference; lastKnownFileType = sourcecode.swift; path = AppDelegate.swift; sourceTree = "<group>"; };
		8478886620BF86C7004B3343 /* ViewController.swift */ = {isa = PBXFileReference; lastKnownFileType = sourcecode.swift; path = ViewController.swift; sourceTree = "<group>"; };
		8478886920BF86C7004B3343 /* Base */ = {isa = PBXFileReference; lastKnownFileType = file.storyboard; name = Base; path = Base.lproj/Main.storyboard; sourceTree = "<group>"; };
		8478886B20BF86C8004B3343 /* Assets.xcassets */ = {isa = PBXFileReference; lastKnownFileType = folder.assetcatalog; path = Assets.xcassets; sourceTree = "<group>"; };
		8478886E20BF86C8004B3343 /* Base */ = {isa = PBXFileReference; lastKnownFileType = file.storyboard; name = Base; path = Base.lproj/LaunchScreen.storyboard; sourceTree = "<group>"; };
		8478887020BF86C8004B3343 /* Info.plist */ = {isa = PBXFileReference; lastKnownFileType = text.plist.xml; path = Info.plist; sourceTree = "<group>"; };
		8478887520BF86C9004B3343 /* IceCacheSampleTests.xctest */ = {isa = PBXFileReference; explicitFileType = wrapper.cfbundle; includeInIndex = 0; path = IceCacheSampleTests.xctest; sourceTree = BUILT_PRODUCTS_DIR; };
		8478887920BF86C9004B3343 /* IceCacheSampleTests.swift */ = {isa = PBXFileReference; lastKnownFileType = sourcecode.swift; path = IceCacheSampleTests.swift; sourceTree = "<group>"; };
		8478887B20BF86C9004B3343 /* Info.plist */ = {isa = PBXFileReference; lastKnownFileType = text.plist.xml; path = Info.plist; sourceTree = "<group>"; };
		8478888720BF86F1004B3343 /* IceCache.framework */ = {isa = PBXFileReference; explicitFileType = wrapper.framework; includeInIndex = 0; path = IceCache.framework; sourceTree = BUILT_PRODUCTS_DIR; };
		8478888920BF86F1004B3343 /* IceCache.h */ = {isa = PBXFileReference; lastKnownFileType = sourcecode.c.h; path = IceCache.h; sourceTree = "<group>"; };
		8478888A20BF86F1004B3343 /* Info.plist */ = {isa = PBXFileReference; lastKnownFileType = text.plist.xml; path = Info.plist; sourceTree = "<group>"; };
		8478889420BF8A8E004B3343 /* MyPlayground.playground */ = {isa = PBXFileReference; lastKnownFileType = file.playground; path = MyPlayground.playground; sourceTree = "<group>"; xcLanguageSpecificationIdentifier = xcode.lang.swift; };
/* End PBXFileReference section */

/* Begin PBXFrameworksBuildPhase section */
		8478884F20BF869A004B3343 /* Frameworks */ = {
			isa = PBXFrameworksBuildPhase;
			buildActionMask = 2147483647;
			files = (
			);
			runOnlyForDeploymentPostprocessing = 0;
		};
		8478885F20BF86C7004B3343 /* Frameworks */ = {
			isa = PBXFrameworksBuildPhase;
			buildActionMask = 2147483647;
			files = (
				8478888E20BF86F1004B3343 /* IceCache.framework in Frameworks */,
			);
			runOnlyForDeploymentPostprocessing = 0;
		};
		8478887220BF86C9004B3343 /* Frameworks */ = {
			isa = PBXFrameworksBuildPhase;
			buildActionMask = 2147483647;
			files = (
			);
			runOnlyForDeploymentPostprocessing = 0;
		};
		8478888320BF86F1004B3343 /* Frameworks */ = {
			isa = PBXFrameworksBuildPhase;
			buildActionMask = 2147483647;
			files = (
			);
			runOnlyForDeploymentPostprocessing = 0;
		};
/* End PBXFrameworksBuildPhase section */

/* Begin PBXGroup section */
		8478884920BF869A004B3343 = {
			isa = PBXGroup;
			children = (
				8478889420BF8A8E004B3343 /* MyPlayground.playground */,
				8478886320BF86C7004B3343 /* IceCacheSample */,
				8478887820BF86C9004B3343 /* IceCacheSampleTests */,
				8478888820BF86F1004B3343 /* IceCache */,
				8478885420BF869A004B3343 /* Products */,
			);
			sourceTree = "<group>";
		};
		8478885420BF869A004B3343 /* Products */ = {
			isa = PBXGroup;
			children = (
				8478885320BF869A004B3343 /* Ice.framework */,
				8478886220BF86C7004B3343 /* IceCacheSample.app */,
				8478887520BF86C9004B3343 /* IceCacheSampleTests.xctest */,
				8478888720BF86F1004B3343 /* IceCache.framework */,
			);
			name = Products;
			sourceTree = "<group>";
		};
		8478886320BF86C7004B3343 /* IceCacheSample */ = {
			isa = PBXGroup;
			children = (
				8478886420BF86C7004B3343 /* AppDelegate.swift */,
				8478886620BF86C7004B3343 /* ViewController.swift */,
				8478886820BF86C7004B3343 /* Main.storyboard */,
				8478886B20BF86C8004B3343 /* Assets.xcassets */,
				8478886D20BF86C8004B3343 /* LaunchScreen.storyboard */,
				8478887020BF86C8004B3343 /* Info.plist */,
			);
			path = IceCacheSample;
			sourceTree = "<group>";
		};
		8478887820BF86C9004B3343 /* IceCacheSampleTests */ = {
			isa = PBXGroup;
			children = (
				8478887920BF86C9004B3343 /* IceCacheSampleTests.swift */,
				8478887B20BF86C9004B3343 /* Info.plist */,
			);
			path = IceCacheSampleTests;
			sourceTree = "<group>";
		};
		8478888820BF86F1004B3343 /* IceCache */ = {
			isa = PBXGroup;
			children = (
				8478888920BF86F1004B3343 /* IceCache.h */,
				8478888A20BF86F1004B3343 /* Info.plist */,
			);
			path = IceCache;
			sourceTree = "<group>";
		};
/* End PBXGroup section */

/* Begin PBXHeadersBuildPhase section */
		8478885020BF869A004B3343 /* Headers */ = {
			isa = PBXHeadersBuildPhase;
			buildActionMask = 2147483647;
			files = (
			);
			runOnlyForDeploymentPostprocessing = 0;
		};
		8478888420BF86F1004B3343 /* Headers */ = {
			isa = PBXHeadersBuildPhase;
			buildActionMask = 2147483647;
			files = (
				8478888B20BF86F1004B3343 /* IceCache.h in Headers */,
			);
			runOnlyForDeploymentPostprocessing = 0;
		};
/* End PBXHeadersBuildPhase section */

/* Begin PBXNativeTarget section */
		8478885220BF869A004B3343 /* Ice */ = {
			isa = PBXNativeTarget;
			buildConfigurationList = 8478885B20BF869A004B3343 /* Build configuration list for PBXNativeTarget "Ice" */;
			buildPhases = (
				8478884E20BF869A004B3343 /* Sources */,
				8478884F20BF869A004B3343 /* Frameworks */,
				8478885020BF869A004B3343 /* Headers */,
				8478885120BF869A004B3343 /* Resources */,
			);
			buildRules = (
			);
			dependencies = (
			);
			name = Ice;
			productName = Ice;
			productReference = 8478885320BF869A004B3343 /* Ice.framework */;
			productType = "com.apple.product-type.framework";
		};
		8478886120BF86C7004B3343 /* IceCacheSample */ = {
			isa = PBXNativeTarget;
			buildConfigurationList = 8478887C20BF86C9004B3343 /* Build configuration list for PBXNativeTarget "IceCacheSample" */;
			buildPhases = (
				8478885E20BF86C7004B3343 /* Sources */,
				8478885F20BF86C7004B3343 /* Frameworks */,
				8478886020BF86C7004B3343 /* Resources */,
				8478889320BF86F1004B3343 /* Embed Frameworks */,
			);
			buildRules = (
			);
			dependencies = (
				8478888D20BF86F1004B3343 /* PBXTargetDependency */,
			);
			name = IceCacheSample;
			productName = IceCacheSample;
			productReference = 8478886220BF86C7004B3343 /* IceCacheSample.app */;
			productType = "com.apple.product-type.application";
		};
		8478887420BF86C9004B3343 /* IceCacheSampleTests */ = {
			isa = PBXNativeTarget;
			buildConfigurationList = 8478887F20BF86C9004B3343 /* Build configuration list for PBXNativeTarget "IceCacheSampleTests" */;
			buildPhases = (
				8478887120BF86C9004B3343 /* Sources */,
				8478887220BF86C9004B3343 /* Frameworks */,
				8478887320BF86C9004B3343 /* Resources */,
			);
			buildRules = (
			);
			dependencies = (
				8478887720BF86C9004B3343 /* PBXTargetDependency */,
			);
			name = IceCacheSampleTests;
			productName = IceCacheSampleTests;
			productReference = 8478887520BF86C9004B3343 /* IceCacheSampleTests.xctest */;
			productType = "com.apple.product-type.bundle.unit-test";
		};
		8478888620BF86F1004B3343 /* IceCache */ = {
			isa = PBXNativeTarget;
			buildConfigurationList = 8478889020BF86F1004B3343 /* Build configuration list for PBXNativeTarget "IceCache" */;
			buildPhases = (
				8478888220BF86F1004B3343 /* Sources */,
				8478888320BF86F1004B3343 /* Frameworks */,
				8478888420BF86F1004B3343 /* Headers */,
				8478888520BF86F1004B3343 /* Resources */,
			);
			buildRules = (
			);
			dependencies = (
			);
			name = IceCache;
			productName = IceCache;
			productReference = 8478888720BF86F1004B3343 /* IceCache.framework */;
			productType = "com.apple.product-type.framework";
		};
/* End PBXNativeTarget section */

/* Begin PBXProject section */
		8478884A20BF869A004B3343 /* Project object */ = {
			isa = PBXProject;
			attributes = {
				LastSwiftUpdateCheck = 0930;
				LastUpgradeCheck = 0930;
				ORGANIZATIONNAME = Gua;
				TargetAttributes = {
					8478885220BF869A004B3343 = {
						CreatedOnToolsVersion = 9.3.1;
					};
					8478886120BF86C7004B3343 = {
						CreatedOnToolsVersion = 9.3.1;
					};
					8478887420BF86C9004B3343 = {
						CreatedOnToolsVersion = 9.3.1;
						TestTargetID = 8478886120BF86C7004B3343;
					};
					8478888620BF86F1004B3343 = {
						CreatedOnToolsVersion = 9.3.1;
					};
				};
			};
			buildConfigurationList = 8478884D20BF869A004B3343 /* Build configuration list for PBXProject "Ice" */;
			compatibilityVersion = "Xcode 9.3";
			developmentRegion = en;
			hasScannedForEncodings = 0;
			knownRegions = (
				en,
				Base,
			);
			mainGroup = 8478884920BF869A004B3343;
			productRefGroup = 8478885420BF869A004B3343 /* Products */;
			projectDirPath = "";
			projectRoot = "";
			targets = (
				8478885220BF869A004B3343 /* Ice */,
				8478886120BF86C7004B3343 /* IceCacheSample */,
				8478887420BF86C9004B3343 /* IceCacheSampleTests */,
				8478888620BF86F1004B3343 /* IceCache */,
			);
		};
/* End PBXProject section */

/* Begin PBXResourcesBuildPhase section */
		8478885120BF869A004B3343 /* Resources */ = {
			isa = PBXResourcesBuildPhase;
			buildActionMask = 2147483647;
			files = (
			);
			runOnlyForDeploymentPostprocessing = 0;
		};
		8478886020BF86C7004B3343 /* Resources */ = {
			isa = PBXResourcesBuildPhase;
			buildActionMask = 2147483647;
			files = (
				8478886F20BF86C8004B3343 /* LaunchScreen.storyboard in Resources */,
				8478886C20BF86C8004B3343 /* Assets.xcassets in Resources */,
				8478886A20BF86C7004B3343 /* Main.storyboard in Resources */,
			);
			runOnlyForDeploymentPostprocessing = 0;
		};
		8478887320BF86C9004B3343 /* Resources */ = {
			isa = PBXResourcesBuildPhase;
			buildActionMask = 2147483647;
			files = (
			);
			runOnlyForDeploymentPostprocessing = 0;
		};
		8478888520BF86F1004B3343 /* Resources */ = {
			isa = PBXResourcesBuildPhase;
			buildActionMask = 2147483647;
			files = (
			);
			runOnlyForDeploymentPostprocessing = 0;
		};
/* End PBXResourcesBuildPhase section */

/* Begin PBXSourcesBuildPhase section */
		8478884E20BF869A004B3343 /* Sources */ = {
			isa = PBXSourcesBuildPhase;
			buildActionMask = 2147483647;
			files = (
			);
			runOnlyForDeploymentPostprocessing = 0;
		};
		8478885E20BF86C7004B3343 /* Sources */ = {
			isa = PBXSourcesBuildPhase;
			buildActionMask = 2147483647;
			files = (
				8478886720BF86C7004B3343 /* ViewController.swift in Sources */,
				8478886520BF86C7004B3343 /* AppDelegate.swift in Sources */,
			);
			runOnlyForDeploymentPostprocessing = 0;
		};
		8478887120BF86C9004B3343 /* Sources */ = {
			isa = PBXSourcesBuildPhase;
			buildActionMask = 2147483647;
			files = (
				8478887A20BF86C9004B3343 /* IceCacheSampleTests.swift in Sources */,
			);
			runOnlyForDeploymentPostprocessing = 0;
		};
		8478888220BF86F1004B3343 /* Sources */ = {
			isa = PBXSourcesBuildPhase;
			buildActionMask = 2147483647;
			files = (
			);
			runOnlyForDeploymentPostprocessing = 0;
		};
/* End PBXSourcesBuildPhase section */

/* Begin PBXTargetDependency section */
		8478887720BF86C9004B3343 /* PBXTargetDependency */ = {
			isa = PBXTargetDependency;
			target = 8478886120BF86C7004B3343 /* IceCacheSample */;
			targetProxy = 8478887620BF86C9004B3343 /* PBXContainerItemProxy */;
		};
		8478888D20BF86F1004B3343 /* PBXTargetDependency */ = {
			isa = PBXTargetDependency;
			target = 8478888620BF86F1004B3343 /* IceCache */;
			targetProxy = 8478888C20BF86F1004B3343 /* PBXContainerItemProxy */;
		};
/* End PBXTargetDependency section */

/* Begin PBXVariantGroup section */
		8478886820BF86C7004B3343 /* Main.storyboard */ = {
			isa = PBXVariantGroup;
			children = (
				8478886920BF86C7004B3343 /* Base */,
			);
			name = Main.storyboard;
			sourceTree = "<group>";
		};
		8478886D20BF86C8004B3343 /* LaunchScreen.storyboard */ = {
			isa = PBXVariantGroup;
			children = (
				8478886E20BF86C8004B3343 /* Base */,
			);
			name = LaunchScreen.storyboard;
			sourceTree = "<group>";
		};
/* End PBXVariantGroup section */

/* Begin XCBuildConfiguration section */
		8478885920BF869A004B3343 /* Debug */ = {
			isa = XCBuildConfiguration;
			buildSettings = {
				ALWAYS_SEARCH_USER_PATHS = NO;
				CLANG_ANALYZER_NONNULL = YES;
				CLANG_ANALYZER_NUMBER_OBJECT_CONVERSION = YES_AGGRESSIVE;
				CLANG_CXX_LANGUAGE_STANDARD = "gnu++14";
				CLANG_CXX_LIBRARY = "libc++";
				CLANG_ENABLE_MODULES = YES;
				CLANG_ENABLE_OBJC_ARC = YES;
				CLANG_ENABLE_OBJC_WEAK = YES;
				CLANG_WARN_BLOCK_CAPTURE_AUTORELEASING = YES;
				CLANG_WARN_BOOL_CONVERSION = YES;
				CLANG_WARN_COMMA = YES;
				CLANG_WARN_CONSTANT_CONVERSION = YES;
				CLANG_WARN_DEPRECATED_OBJC_IMPLEMENTATIONS = YES;
				CLANG_WARN_DIRECT_OBJC_ISA_USAGE = YES_ERROR;
				CLANG_WARN_DOCUMENTATION_COMMENTS = YES;
				CLANG_WARN_EMPTY_BODY = YES;
				CLANG_WARN_ENUM_CONVERSION = YES;
				CLANG_WARN_INFINITE_RECURSION = YES;
				CLANG_WARN_INT_CONVERSION = YES;
				CLANG_WARN_NON_LITERAL_NULL_CONVERSION = YES;
				CLANG_WARN_OBJC_IMPLICIT_RETAIN_SELF = YES;
				CLANG_WARN_OBJC_LITERAL_CONVERSION = YES;
				CLANG_WARN_OBJC_ROOT_CLASS = YES_ERROR;
				CLANG_WARN_RANGE_LOOP_ANALYSIS = YES;
				CLANG_WARN_STRICT_PROTOTYPES = YES;
				CLANG_WARN_SUSPICIOUS_MOVE = YES;
				CLANG_WARN_UNGUARDED_AVAILABILITY = YES_AGGRESSIVE;
				CLANG_WARN_UNREACHABLE_CODE = YES;
				CLANG_WARN__DUPLICATE_METHOD_MATCH = YES;
				CODE_SIGN_IDENTITY = "iPhone Developer";
				COPY_PHASE_STRIP = NO;
				CURRENT_PROJECT_VERSION = 1;
				DEBUG_INFORMATION_FORMAT = dwarf;
				ENABLE_STRICT_OBJC_MSGSEND = YES;
				ENABLE_TESTABILITY = YES;
				GCC_C_LANGUAGE_STANDARD = gnu11;
				GCC_DYNAMIC_NO_PIC = NO;
				GCC_NO_COMMON_BLOCKS = YES;
				GCC_OPTIMIZATION_LEVEL = 0;
				GCC_PREPROCESSOR_DEFINITIONS = (
					"DEBUG=1",
					"$(inherited)",
				);
				GCC_WARN_64_TO_32_BIT_CONVERSION = YES;
				GCC_WARN_ABOUT_RETURN_TYPE = YES_ERROR;
				GCC_WARN_UNDECLARED_SELECTOR = YES;
				GCC_WARN_UNINITIALIZED_AUTOS = YES_AGGRESSIVE;
				GCC_WARN_UNUSED_FUNCTION = YES;
				GCC_WARN_UNUSED_VARIABLE = YES;
				IPHONEOS_DEPLOYMENT_TARGET = 11.3;
				MTL_ENABLE_DEBUG_INFO = YES;
				ONLY_ACTIVE_ARCH = YES;
				SDKROOT = iphoneos;
				SWIFT_ACTIVE_COMPILATION_CONDITIONS = DEBUG;
				SWIFT_OPTIMIZATION_LEVEL = "-Onone";
				VERSIONING_SYSTEM = "apple-generic";
				VERSION_INFO_PREFIX = "";
			};
			name = Debug;
		};
		8478885A20BF869A004B3343 /* Release */ = {
			isa = XCBuildConfiguration;
			buildSettings = {
				ALWAYS_SEARCH_USER_PATHS = NO;
				CLANG_ANALYZER_NONNULL = YES;
				CLANG_ANALYZER_NUMBER_OBJECT_CONVERSION = YES_AGGRESSIVE;
				CLANG_CXX_LANGUAGE_STANDARD = "gnu++14";
				CLANG_CXX_LIBRARY = "libc++";
				CLANG_ENABLE_MODULES = YES;
				CLANG_ENABLE_OBJC_ARC = YES;
				CLANG_ENABLE_OBJC_WEAK = YES;
				CLANG_WARN_BLOCK_CAPTURE_AUTORELEASING = YES;
				CLANG_WARN_BOOL_CONVERSION = YES;
				CLANG_WARN_COMMA = YES;
				CLANG_WARN_CONSTANT_CONVERSION = YES;
				CLANG_WARN_DEPRECATED_OBJC_IMPLEMENTATIONS = YES;
				CLANG_WARN_DIRECT_OBJC_ISA_USAGE = YES_ERROR;
				CLANG_WARN_DOCUMENTATION_COMMENTS = YES;
				CLANG_WARN_EMPTY_BODY = YES;
				CLANG_WARN_ENUM_CONVERSION = YES;
				CLANG_WARN_INFINITE_RECURSION = YES;
				CLANG_WARN_INT_CONVERSION = YES;
				CLANG_WARN_NON_LITERAL_NULL_CONVERSION = YES;
				CLANG_WARN_OBJC_IMPLICIT_RETAIN_SELF = YES;
				CLANG_WARN_OBJC_LITERAL_CONVERSION = YES;
				CLANG_WARN_OBJC_ROOT_CLASS = YES_ERROR;
				CLANG_WARN_RANGE_LOOP_ANALYSIS = YES;
				CLANG_WARN_STRICT_PROTOTYPES = YES;
				CLANG_WARN_SUSPICIOUS_MOVE = YES;
				CLANG_WARN_UNGUARDED_AVAILABILITY = YES_AGGRESSIVE;
				CLANG_WARN_UNREACHABLE_CODE = YES;
				CLANG_WARN__DUPLICATE_METHOD_MATCH = YES;
				CODE_SIGN_IDENTITY = "iPhone Developer";
				COPY_PHASE_STRIP = NO;
				CURRENT_PROJECT_VERSION = 1;
				DEBUG_INFORMATION_FORMAT = "dwarf-with-dsym";
				ENABLE_NS_ASSERTIONS = NO;
				ENABLE_STRICT_OBJC_MSGSEND = YES;
				GCC_C_LANGUAGE_STANDARD = gnu11;
				GCC_NO_COMMON_BLOCKS = YES;
				GCC_WARN_64_TO_32_BIT_CONVERSION = YES;
				GCC_WARN_ABOUT_RETURN_TYPE = YES_ERROR;
				GCC_WARN_UNDECLARED_SELECTOR = YES;
				GCC_WARN_UNINITIALIZED_AUTOS = YES_AGGRESSIVE;
				GCC_WARN_UNUSED_FUNCTION = YES;
				GCC_WARN_UNUSED_VARIABLE = YES;
				IPHONEOS_DEPLOYMENT_TARGET = 11.3;
				MTL_ENABLE_DEBUG_INFO = NO;
				SDKROOT = iphoneos;
				SWIFT_COMPILATION_MODE = wholemodule;
				SWIFT_OPTIMIZATION_LEVEL = "-O";
				VALIDATE_PRODUCT = YES;
				VERSIONING_SYSTEM = "apple-generic";
				VERSION_INFO_PREFIX = "";
			};
			name = Release;
		};
		8478885C20BF869A004B3343 /* Debug */ = {
			isa = XCBuildConfiguration;
			buildSettings = {
				CODE_SIGN_IDENTITY = "";
				CODE_SIGN_STYLE = Automatic;
				DEFINES_MODULE = YES;
				DEVELOPMENT_TEAM = DNL5G5M9A8;
				DYLIB_COMPATIBILITY_VERSION = 1;
				DYLIB_CURRENT_VERSION = 1;
				DYLIB_INSTALL_NAME_BASE = "@rpath";
				INFOPLIST_FILE = Ice/Info.plist;
				INSTALL_PATH = "$(LOCAL_LIBRARY_DIR)/Frameworks";
				LD_RUNPATH_SEARCH_PATHS = (
					"$(inherited)",
					"@executable_path/Frameworks",
					"@loader_path/Frameworks",
				);
				PRODUCT_BUNDLE_IDENTIFIER = gua.desgard.Ice;
				PRODUCT_NAME = "$(TARGET_NAME:c99extidentifier)";
				SKIP_INSTALL = YES;
				SWIFT_VERSION = 4.0;
				TARGETED_DEVICE_FAMILY = "1,2";
			};
			name = Debug;
		};
		8478885D20BF869A004B3343 /* Release */ = {
			isa = XCBuildConfiguration;
			buildSettings = {
				CODE_SIGN_IDENTITY = "";
				CODE_SIGN_STYLE = Automatic;
				DEFINES_MODULE = YES;
				DEVELOPMENT_TEAM = DNL5G5M9A8;
				DYLIB_COMPATIBILITY_VERSION = 1;
				DYLIB_CURRENT_VERSION = 1;
				DYLIB_INSTALL_NAME_BASE = "@rpath";
				INFOPLIST_FILE = Ice/Info.plist;
				INSTALL_PATH = "$(LOCAL_LIBRARY_DIR)/Frameworks";
				LD_RUNPATH_SEARCH_PATHS = (
					"$(inherited)",
					"@executable_path/Frameworks",
					"@loader_path/Frameworks",
				);
				PRODUCT_BUNDLE_IDENTIFIER = gua.desgard.Ice;
				PRODUCT_NAME = "$(TARGET_NAME:c99extidentifier)";
				SKIP_INSTALL = YES;
				SWIFT_VERSION = 4.0;
				TARGETED_DEVICE_FAMILY = "1,2";
			};
			name = Release;
		};
		8478887D20BF86C9004B3343 /* Debug */ = {
			isa = XCBuildConfiguration;
			buildSettings = {
				ASSETCATALOG_COMPILER_APPICON_NAME = AppIcon;
				CODE_SIGN_STYLE = Automatic;
				DEVELOPMENT_TEAM = DNL5G5M9A8;
				INFOPLIST_FILE = IceCacheSample/Info.plist;
				LD_RUNPATH_SEARCH_PATHS = (
					"$(inherited)",
					"@executable_path/Frameworks",
				);
				PRODUCT_BUNDLE_IDENTIFIER = gua.desgard.IceCacheSample;
				PRODUCT_NAME = "$(TARGET_NAME)";
				SWIFT_VERSION = 4.0;
				TARGETED_DEVICE_FAMILY = "1,2";
			};
			name = Debug;
		};
		8478887E20BF86C9004B3343 /* Release */ = {
			isa = XCBuildConfiguration;
			buildSettings = {
				ASSETCATALOG_COMPILER_APPICON_NAME = AppIcon;
				CODE_SIGN_STYLE = Automatic;
				DEVELOPMENT_TEAM = DNL5G5M9A8;
				INFOPLIST_FILE = IceCacheSample/Info.plist;
				LD_RUNPATH_SEARCH_PATHS = (
					"$(inherited)",
					"@executable_path/Frameworks",
				);
				PRODUCT_BUNDLE_IDENTIFIER = gua.desgard.IceCacheSample;
				PRODUCT_NAME = "$(TARGET_NAME)";
				SWIFT_VERSION = 4.0;
				TARGETED_DEVICE_FAMILY = "1,2";
			};
			name = Release;
		};
		8478888020BF86C9004B3343 /* Debug */ = {
			isa = XCBuildConfiguration;
			buildSettings = {
				ALWAYS_EMBED_SWIFT_STANDARD_LIBRARIES = YES;
				BUNDLE_LOADER = "$(TEST_HOST)";
				CODE_SIGN_STYLE = Automatic;
				DEVELOPMENT_TEAM = DNL5G5M9A8;
				INFOPLIST_FILE = IceCacheSampleTests/Info.plist;
				LD_RUNPATH_SEARCH_PATHS = (
					"$(inherited)",
					"@executable_path/Frameworks",
					"@loader_path/Frameworks",
				);
				PRODUCT_BUNDLE_IDENTIFIER = gua.desgard.IceCacheSampleTests;
				PRODUCT_NAME = "$(TARGET_NAME)";
				SWIFT_VERSION = 4.0;
				TARGETED_DEVICE_FAMILY = "1,2";
				TEST_HOST = "$(BUILT_PRODUCTS_DIR)/IceCacheSample.app/IceCacheSample";
			};
			name = Debug;
		};
		8478888120BF86C9004B3343 /* Release */ = {
			isa = XCBuildConfiguration;
			buildSettings = {
				ALWAYS_EMBED_SWIFT_STANDARD_LIBRARIES = YES;
				BUNDLE_LOADER = "$(TEST_HOST)";
				CODE_SIGN_STYLE = Automatic;
				DEVELOPMENT_TEAM = DNL5G5M9A8;
				INFOPLIST_FILE = IceCacheSampleTests/Info.plist;
				LD_RUNPATH_SEARCH_PATHS = (
					"$(inherited)",
					"@executable_path/Frameworks",
					"@loader_path/Frameworks",
				);
				PRODUCT_BUNDLE_IDENTIFIER = gua.desgard.IceCacheSampleTests;
				PRODUCT_NAME = "$(TARGET_NAME)";
				SWIFT_VERSION = 4.0;
				TARGETED_DEVICE_FAMILY = "1,2";
				TEST_HOST = "$(BUILT_PRODUCTS_DIR)/IceCacheSample.app/IceCacheSample";
			};
			name = Release;
		};
		8478889120BF86F1004B3343 /* Debug */ = {
			isa = XCBuildConfiguration;
			buildSettings = {
				CODE_SIGN_IDENTITY = "";
				CODE_SIGN_STYLE = Automatic;
				DEFINES_MODULE = YES;
				DEVELOPMENT_TEAM = DNL5G5M9A8;
				DYLIB_COMPATIBILITY_VERSION = 1;
				DYLIB_CURRENT_VERSION = 1;
				DYLIB_INSTALL_NAME_BASE = "@rpath";
				INFOPLIST_FILE = IceCache/Info.plist;
				INSTALL_PATH = "$(LOCAL_LIBRARY_DIR)/Frameworks";
				LD_RUNPATH_SEARCH_PATHS = (
					"$(inherited)",
					"@executable_path/Frameworks",
					"@loader_path/Frameworks",
				);
				PRODUCT_BUNDLE_IDENTIFIER = gua.desgard.IceCache;
				PRODUCT_NAME = "$(TARGET_NAME:c99extidentifier)";
				SKIP_INSTALL = YES;
				SWIFT_VERSION = 4.0;
				TARGETED_DEVICE_FAMILY = "1,2";
			};
			name = Debug;
		};
		8478889220BF86F1004B3343 /* Release */ = {
			isa = XCBuildConfiguration;
			buildSettings = {
				CODE_SIGN_IDENTITY = "";
				CODE_SIGN_STYLE = Automatic;
				DEFINES_MODULE = YES;
				DEVELOPMENT_TEAM = DNL5G5M9A8;
				DYLIB_COMPATIBILITY_VERSION = 1;
				DYLIB_CURRENT_VERSION = 1;
				DYLIB_INSTALL_NAME_BASE = "@rpath";
				INFOPLIST_FILE = IceCache/Info.plist;
				INSTALL_PATH = "$(LOCAL_LIBRARY_DIR)/Frameworks";
				LD_RUNPATH_SEARCH_PATHS = (
					"$(inherited)",
					"@executable_path/Frameworks",
					"@loader_path/Frameworks",
				);
				PRODUCT_BUNDLE_IDENTIFIER = gua.desgard.IceCache;
				PRODUCT_NAME = "$(TARGET_NAME:c99extidentifier)";
				SKIP_INSTALL = YES;
				SWIFT_VERSION = 4.0;
				TARGETED_DEVICE_FAMILY = "1,2";
			};
			name = Release;
		};
/* End XCBuildConfiguration section */

/* Begin XCConfigurationList section */
		8478884D20BF869A004B3343 /* Build configuration list for PBXProject "Ice" */ = {
			isa = XCConfigurationList;
			buildConfigurations = (
				8478885920BF869A004B3343 /* Debug */,
				8478885A20BF869A004B3343 /* Release */,
			);
			defaultConfigurationIsVisible = 0;
			defaultConfigurationName = Release;
		};
		8478885B20BF869A004B3343 /* Build configuration list for PBXNativeTarget "Ice" */ = {
			isa = XCConfigurationList;
			buildConfigurations = (
				8478885C20BF869A004B3343 /* Debug */,
				8478885D20BF869A004B3343 /* Release */,
			);
			defaultConfigurationIsVisible = 0;
			defaultConfigurationName = Release;
		};
		8478887C20BF86C9004B3343 /* Build configuration list for PBXNativeTarget "IceCacheSample" */ = {
			isa = XCConfigurationList;
			buildConfigurations = (
				8478887D20BF86C9004B3343 /* Debug */,
				8478887E20BF86C9004B3343 /* Release */,
			);
			defaultConfigurationIsVisible = 0;
			defaultConfigurationName = Release;
		};
		8478887F20BF86C9004B3343 /* Build configuration list for PBXNativeTarget "IceCacheSampleTests" */ = {
			isa = XCConfigurationList;
			buildConfigurations = (
				8478888020BF86C9004B3343 /* Debug */,
				8478888120BF86C9004B3343 /* Release */,
			);
			defaultConfigurationIsVisible = 0;
			defaultConfigurationName = Release;
		};
		8478889020BF86F1004B3343 /* Build configuration list for PBXNativeTarget "IceCache" */ = {
			isa = XCConfigurationList;
			buildConfigurations = (
				8478889120BF86F1004B3343 /* Debug */,
				8478889220BF86F1004B3343 /* Release */,
			);
			defaultConfigurationIsVisible = 0;
			defaultConfigurationName = Release;
		};
/* End XCConfigurationList section */
	};
	rootObject = 8478884A20BF869A004B3343 /* Project object */;
}
